// !$*UTF8*$!
{
	archiveVersion = 1;
	classes = {
	};
	objectVersion = 46;
	objects = {

/* Begin PBXBuildFile section */
		1B1E3BC51EFA607E00DCC195 /* main.m in Sources */ = {isa = PBXBuildFile; fileRef = 1B1E3BC41EFA607E00DCC195 /* main.m */; };
		1B1E3BC81EFA607E00DCC195 /* AppDelegate.m in Sources */ = {isa = PBXBuildFile; fileRef = 1B1E3BC71EFA607E00DCC195 /* AppDelegate.m */; };
		1B1E3BCB1EFA607E00DCC195 /* ViewController.m in Sources */ = {isa = PBXBuildFile; fileRef = 1B1E3BCA1EFA607E00DCC195 /* ViewController.m */; };
		1B1E3BCE1EFA607E00DCC195 /* Main.storyboard in Resources */ = {isa = PBXBuildFile; fileRef = 1B1E3BCC1EFA607E00DCC195 /* Main.storyboard */; };
		1B1E3BD01EFA607E00DCC195 /* Assets.xcassets in Resources */ = {isa = PBXBuildFile; fileRef = 1B1E3BCF1EFA607E00DCC195 /* Assets.xcassets */; };
		1B1E3BD31EFA607E00DCC195 /* LaunchScreen.storyboard in Resources */ = {isa = PBXBuildFile; fileRef = 1B1E3BD11EFA607E00DCC195 /* LaunchScreen.storyboard */; };
		1B1E3BDE1EFA607F00DCC195 /* paypallTests.m in Sources */ = {isa = PBXBuildFile; fileRef = 1B1E3BDD1EFA607F00DCC195 /* paypallTests.m */; };
		1B1E3BE91EFA607F00DCC195 /* paypallUITests.m in Sources */ = {isa = PBXBuildFile; fileRef = 1B1E3BE81EFA607F00DCC195 /* paypallUITests.m */; };
/* End PBXBuildFile section */

/* Begin PBXContainerItemProxy section */
		1B1E3BDA1EFA607F00DCC195 /* PBXContainerItemProxy */ = {
			isa = PBXContainerItemProxy;
			containerPortal = 1B1E3BB81EFA607E00DCC195 /* Project object */;
			proxyType = 1;
			remoteGlobalIDString = 1B1E3BBF1EFA607E00DCC195;
			remoteInfo = paypall;
		};
		1B1E3BE51EFA607F00DCC195 /* PBXContainerItemProxy */ = {
			isa = PBXContainerItemProxy;
			containerPortal = 1B1E3BB81EFA607E00DCC195 /* Project object */;
			proxyType = 1;
			remoteGlobalIDString = 1B1E3BBF1EFA607E00DCC195;
			remoteInfo = paypall;
		};
/* End PBXContainerItemProxy section */

/* Begin PBXFileReference section */
		1B1E3BC01EFA607E00DCC195 /* paypall.app */ = {isa = PBXFileReference; explicitFileType = wrapper.application; includeInIndex = 0; path = paypall.app; sourceTree = BUILT_PRODUCTS_DIR; };
		1B1E3BC41EFA607E00DCC195 /* main.m */ = {isa = PBXFileReference; lastKnownFileType = sourcecode.c.objc; path = main.m; sourceTree = "<group>"; };
		1B1E3BC61EFA607E00DCC195 /* AppDelegate.h */ = {isa = PBXFileReference; lastKnownFileType = sourcecode.c.h; path = AppDelegate.h; sourceTree = "<group>"; };
		1B1E3BC71EFA607E00DCC195 /* AppDelegate.m */ = {isa = PBXFileReference; lastKnownFileType = sourcecode.c.objc; path = AppDelegate.m; sourceTree = "<group>"; };
		1B1E3BC91EFA607E00DCC195 /* ViewController.h */ = {isa = PBXFileReference; lastKnownFileType = sourcecode.c.h; path = ViewController.h; sourceTree = "<group>"; };
		1B1E3BCA1EFA607E00DCC195 /* ViewController.m */ = {isa = PBXFileReference; lastKnownFileType = sourcecode.c.objc; path = ViewController.m; sourceTree = "<group>"; };
		1B1E3BCD1EFA607E00DCC195 /* Base */ = {isa = PBXFileReference; lastKnownFileType = file.storyboard; name = Base; path = Base.lproj/Main.storyboard; sourceTree = "<group>"; };
		1B1E3BCF1EFA607E00DCC195 /* Assets.xcassets */ = {isa = PBXFileReference; lastKnownFileType = folder.assetcatalog; path = Assets.xcassets; sourceTree = "<group>"; };
		1B1E3BD21EFA607E00DCC195 /* Base */ = {isa = PBXFileReference; lastKnownFileType = file.storyboard; name = Base; path = Base.lproj/LaunchScreen.storyboard; sourceTree = "<group>"; };
		1B1E3BD41EFA607E00DCC195 /* Info.plist */ = {isa = PBXFileReference; lastKnownFileType = text.plist.xml; path = Info.plist; sourceTree = "<group>"; };
		1B1E3BD91EFA607F00DCC195 /* paypallTests.xctest */ = {isa = PBXFileReference; explicitFileType = wrapper.cfbundle; includeInIndex = 0; path = paypallTests.xctest; sourceTree = BUILT_PRODUCTS_DIR; };
		1B1E3BDD1EFA607F00DCC195 /* paypallTests.m */ = {isa = PBXFileReference; lastKnownFileType = sourcecode.c.objc; path = paypallTests.m; sourceTree = "<group>"; };
		1B1E3BDF1EFA607F00DCC195 /* Info.plist */ = {isa = PBXFileReference; lastKnownFileType = text.plist.xml; path = Info.plist; sourceTree = "<group>"; };
		1B1E3BE41EFA607F00DCC195 /* paypallUITests.xctest */ = {isa = PBXFileReference; explicitFileType = wrapper.cfbundle; includeInIndex = 0; path = paypallUITests.xctest; sourceTree = BUILT_PRODUCTS_DIR; };
		1B1E3BE81EFA607F00DCC195 /* paypallUITests.m */ = {isa = PBXFileReference; lastKnownFileType = sourcecode.c.objc; path = paypallUITests.m; sourceTree = "<group>"; };
		1B1E3BEA1EFA607F00DCC195 /* Info.plist */ = {isa = PBXFileReference; lastKnownFileType = text.plist.xml; path = Info.plist; sourceTree = "<group>"; };
/* End PBXFileReference section */

/* Begin PBXFrameworksBuildPhase section */
		1B1E3BBD1EFA607E00DCC195 /* Frameworks */ = {
			isa = PBXFrameworksBuildPhase;
			buildActionMask = 2147483647;
			files = (
			);
			runOnlyForDeploymentPostprocessing = 0;
		};
		1B1E3BD61EFA607F00DCC195 /* Frameworks */ = {
			isa = PBXFrameworksBuildPhase;
			buildActionMask = 2147483647;
			files = (
			);
			runOnlyForDeploymentPostprocessing = 0;
		};
		1B1E3BE11EFA607F00DCC195 /* Frameworks */ = {
			isa = PBXFrameworksBuildPhase;
			buildActionMask = 2147483647;
			files = (
			);
			runOnlyForDeploymentPostprocessing = 0;
		};
/* End PBXFrameworksBuildPhase section */

/* Begin PBXGroup section */
		1B1E3BB71EFA607E00DCC195 = {
			isa = PBXGroup;
			children = (
				1B1E3BC21EFA607E00DCC195 /* paypall */,
				1B1E3BDC1EFA607F00DCC195 /* paypallTests */,
				1B1E3BE71EFA607F00DCC195 /* paypallUITests */,
				1B1E3BC11EFA607E00DCC195 /* Products */,
			);
			sourceTree = "<group>";
		};
		1B1E3BC11EFA607E00DCC195 /* Products */ = {
			isa = PBXGroup;
			children = (
				1B1E3BC01EFA607E00DCC195 /* paypall.app */,
				1B1E3BD91EFA607F00DCC195 /* paypallTests.xctest */,
				1B1E3BE41EFA607F00DCC195 /* paypallUITests.xctest */,
			);
			name = Products;
			sourceTree = "<group>";
		};
		1B1E3BC21EFA607E00DCC195 /* paypall */ = {
			isa = PBXGroup;
			children = (
				1B1E3BC61EFA607E00DCC195 /* AppDelegate.h */,
				1B1E3BC71EFA607E00DCC195 /* AppDelegate.m */,
				1B1E3BC91EFA607E00DCC195 /* ViewController.h */,
				1B1E3BCA1EFA607E00DCC195 /* ViewController.m */,
				1B1E3BCC1EFA607E00DCC195 /* Main.storyboard */,
				1B1E3BCF1EFA607E00DCC195 /* Assets.xcassets */,
				1B1E3BD11EFA607E00DCC195 /* LaunchScreen.storyboard */,
				1B1E3BD41EFA607E00DCC195 /* Info.plist */,
				1B1E3BC31EFA607E00DCC195 /* Supporting Files */,
			);
			path = paypall;
			sourceTree = "<group>";
		};
		1B1E3BC31EFA607E00DCC195 /* Supporting Files */ = {
			isa = PBXGroup;
			children = (
				1B1E3BC41EFA607E00DCC195 /* main.m */,
			);
			name = "Supporting Files";
			sourceTree = "<group>";
		};
		1B1E3BDC1EFA607F00DCC195 /* paypallTests */ = {
			isa = PBXGroup;
			children = (
				1B1E3BDD1EFA607F00DCC195 /* paypallTests.m */,
				1B1E3BDF1EFA607F00DCC195 /* Info.plist */,
			);
			path = paypallTests;
			sourceTree = "<group>";
		};
		1B1E3BE71EFA607F00DCC195 /* paypallUITests */ = {
			isa = PBXGroup;
			children = (
				1B1E3BE81EFA607F00DCC195 /* paypallUITests.m */,
				1B1E3BEA1EFA607F00DCC195 /* Info.plist */,
			);
			path = paypallUITests;
			sourceTree = "<group>";
		};
/* End PBXGroup section */

/* Begin PBXNativeTarget section */
		1B1E3BBF1EFA607E00DCC195 /* paypall */ = {
			isa = PBXNativeTarget;
			buildConfigurationList = 1B1E3BED1EFA607F00DCC195 /* Build configuration list for PBXNativeTarget "paypall" */;
			buildPhases = (
				1B1E3BBC1EFA607E00DCC195 /* Sources */,
				1B1E3BBD1EFA607E00DCC195 /* Frameworks */,
				1B1E3BBE1EFA607E00DCC195 /* Resources */,
			);
			buildRules = (
			);
			dependencies = (
			);
			name = paypall;
			productName = paypall;
			productReference = 1B1E3BC01EFA607E00DCC195 /* paypall.app */;
			productType = "com.apple.product-type.application";
		};
		1B1E3BD81EFA607F00DCC195 /* paypallTests */ = {
			isa = PBXNativeTarget;
			buildConfigurationList = 1B1E3BF01EFA607F00DCC195 /* Build configuration list for PBXNativeTarget "paypallTests" */;
			buildPhases = (
				1B1E3BD51EFA607F00DCC195 /* Sources */,
				1B1E3BD61EFA607F00DCC195 /* Frameworks */,
				1B1E3BD71EFA607F00DCC195 /* Resources */,
			);
			buildRules = (
			);
			dependencies = (
				1B1E3BDB1EFA607F00DCC195 /* PBXTargetDependency */,
			);
			name = paypallTests;
			productName = paypallTests;
			productReference = 1B1E3BD91EFA607F00DCC195 /* paypallTests.xctest */;
			productType = "com.apple.product-type.bundle.unit-test";
		};
		1B1E3BE31EFA607F00DCC195 /* paypallUITests */ = {
			isa = PBXNativeTarget;
			buildConfigurationList = 1B1E3BF31EFA607F00DCC195 /* Build configuration list for PBXNativeTarget "paypallUITests" */;
			buildPhases = (
				1B1E3BE01EFA607F00DCC195 /* Sources */,
				1B1E3BE11EFA607F00DCC195 /* Frameworks */,
				1B1E3BE21EFA607F00DCC195 /* Resources */,
			);
			buildRules = (
			);
			dependencies = (
				1B1E3BE61EFA607F00DCC195 /* PBXTargetDependency */,
			);
			name = paypallUITests;
			productName = paypallUITests;
			productReference = 1B1E3BE41EFA607F00DCC195 /* paypallUITests.xctest */;
			productType = "com.apple.product-type.bundle.ui-testing";
		};
/* End PBXNativeTarget section */

/* Begin PBXProject section */
		1B1E3BB81EFA607E00DCC195 /* Project object */ = {
			isa = PBXProject;
			attributes = {
				LastUpgradeCheck = 0730;
				ORGANIZATIONNAME = macserver;
				TargetAttributes = {
					1B1E3BBF1EFA607E00DCC195 = {
						CreatedOnToolsVersion = 7.3;
					};
					1B1E3BD81EFA607F00DCC195 = {
						CreatedOnToolsVersion = 7.3;
						TestTargetID = 1B1E3BBF1EFA607E00DCC195;
					};
					1B1E3BE31EFA607F00DCC195 = {
						CreatedOnToolsVersion = 7.3;
						TestTargetID = 1B1E3BBF1EFA607E00DCC195;
					};
				};
			};
			buildConfigurationList = 1B1E3BBB1EFA607E00DCC195 /* Build configuration list for PBXProject "paypall" */;
			compatibilityVersion = "Xcode 3.2";
			developmentRegion = English;
			hasScannedForEncodings = 0;
			knownRegions = (
				en,
				Base,
			);
			mainGroup = 1B1E3BB71EFA607E00DCC195;
			productRefGroup = 1B1E3BC11EFA607E00DCC195 /* Products */;
			projectDirPath = "";
			projectRoot = "";
			targets = (
				1B1E3BBF1EFA607E00DCC195 /* paypall */,
				1B1E3BD81EFA607F00DCC195 /* paypallTests */,
				1B1E3BE31EFA607F00DCC195 /* paypallUITests */,
			);
		};
/* End PBXProject section */

/* Begin PBXResourcesBuildPhase section */
		1B1E3BBE1EFA607E00DCC195 /* Resources */ = {
			isa = PBXResourcesBuildPhase;
			buildActionMask = 2147483647;
			files = (
				1B1E3BD31EFA607E00DCC195 /* LaunchScreen.storyboard in Resources */,
				1B1E3BD01EFA607E00DCC195 /* Assets.xcassets in Resources */,
				1B1E3BCE1EFA607E00DCC195 /* Main.storyboard in Resources */,
			);
			runOnlyForDeploymentPostprocessing = 0;
		};
		1B1E3BD71EFA607F00DCC195 /* Resources */ = {
			isa = PBXResourcesBuildPhase;
			buildActionMask = 2147483647;
			files = (
			);
			runOnlyForDeploymentPostprocessing = 0;
		};
		1B1E3BE21EFA607F00DCC195 /* Resources */ = {
			isa = PBXResourcesBuildPhase;
			buildActionMask = 2147483647;
			files = (
			);
			runOnlyForDeploymentPostprocessing = 0;
		};
/* End PBXResourcesBuildPhase section */

/* Begin PBXSourcesBuildPhase section */
		1B1E3BBC1EFA607E00DCC195 /* Sources */ = {
			isa = PBXSourcesBuildPhase;
			buildActionMask = 2147483647;
			files = (
				1B1E3BCB1EFA607E00DCC195 /* ViewController.m in Sources */,
				1B1E3BC81EFA607E00DCC195 /* AppDelegate.m in Sources */,
				1B1E3BC51EFA607E00DCC195 /* main.m in Sources */,
			);
			runOnlyForDeploymentPostprocessing = 0;
		};
		1B1E3BD51EFA607F00DCC195 /* Sources */ = {
			isa = PBXSourcesBuildPhase;
			buildActionMask = 2147483647;
			files = (
				1B1E3BDE1EFA607F00DCC195 /* paypallTests.m in Sources */,
			);
			runOnlyForDeploymentPostprocessing = 0;
		};
		1B1E3BE01EFA607F00DCC195 /* Sources */ = {
			isa = PBXSourcesBuildPhase;
			buildActionMask = 2147483647;
			files = (
				1B1E3BE91EFA607F00DCC195 /* paypallUITests.m in Sources */,
			);
			runOnlyForDeploymentPostprocessing = 0;
		};
/* End PBXSourcesBuildPhase section */

/* Begin PBXTargetDependency section */
		1B1E3BDB1EFA607F00DCC195 /* PBXTargetDependency */ = {
			isa = PBXTargetDependency;
			target = 1B1E3BBF1EFA607E00DCC195 /* paypall */;
			targetProxy = 1B1E3BDA1EFA607F00DCC195 /* PBXContainerItemProxy */;
		};
		1B1E3BE61EFA607F00DCC195 /* PBXTargetDependency */ = {
			isa = PBXTargetDependency;
			target = 1B1E3BBF1EFA607E00DCC195 /* paypall */;
			targetProxy = 1B1E3BE51EFA607F00DCC195 /* PBXContainerItemProxy */;
		};
/* End PBXTargetDependency section */

/* Begin PBXVariantGroup section */
		1B1E3BCC1EFA607E00DCC195 /* Main.storyboard */ = {
			isa = PBXVariantGroup;
			children = (
				1B1E3BCD1EFA607E00DCC195 /* Base */,
			);
			name = Main.storyboard;
			sourceTree = "<group>";
		};
		1B1E3BD11EFA607E00DCC195 /* LaunchScreen.storyboard */ = {
			isa = PBXVariantGroup;
			children = (
				1B1E3BD21EFA607E00DCC195 /* Base */,
			);
			name = LaunchScreen.storyboard;
			sourceTree = "<group>";
		};
/* End PBXVariantGroup section */

/* Begin XCBuildConfiguration section */
		1B1E3BEB1EFA607F00DCC195 /* Debug */ = {
			isa = XCBuildConfiguration;
			buildSettings = {
				ALWAYS_SEARCH_USER_PATHS = NO;
				CLANG_ANALYZER_NONNULL = YES;
				CLANG_CXX_LANGUAGE_STANDARD = "gnu++0x";
				CLANG_CXX_LIBRARY = "libc++";
				CLANG_ENABLE_MODULES = YES;
				CLANG_ENABLE_OBJC_ARC = YES;
				CLANG_WARN_BOOL_CONVERSION = YES;
				CLANG_WARN_CONSTANT_CONVERSION = YES;
				CLANG_WARN_DIRECT_OBJC_ISA_USAGE = YES_ERROR;
				CLANG_WARN_EMPTY_BODY = YES;
				CLANG_WARN_ENUM_CONVERSION = YES;
				CLANG_WARN_INT_CONVERSION = YES;
				CLANG_WARN_OBJC_ROOT_CLASS = YES_ERROR;
				CLANG_WARN_UNREACHABLE_CODE = YES;
				CLANG_WARN__DUPLICATE_METHOD_MATCH = YES;
				"CODE_SIGN_IDENTITY[sdk=iphoneos*]" = "iPhone Developer";
				COPY_PHASE_STRIP = NO;
				DEBUG_INFORMATION_FORMAT = dwarf;
				ENABLE_STRICT_OBJC_MSGSEND = YES;
				ENABLE_TESTABILITY = YES;
				GCC_C_LANGUAGE_STANDARD = gnu99;
				GCC_DYNAMIC_NO_PIC = NO;
				GCC_NO_COMMON_BLOCKS = YES;
				GCC_OPTIMIZATION_LEVEL = 0;
				GCC_PREPROCESSOR_DEFINITIONS = (
					"DEBUG=1",
					"$(inherited)",
				);
				GCC_WARN_64_TO_32_BIT_CONVERSION = YES;
				GCC_WARN_ABOUT_RETURN_TYPE = YES_ERROR;
				GCC_WARN_UNDECLARED_SELECTOR = YES;
				GCC_WARN_UNINITIALIZED_AUTOS = YES_AGGRESSIVE;
				GCC_WARN_UNUSED_FUNCTION = YES;
				GCC_WARN_UNUSED_VARIABLE = YES;
				IPHONEOS_DEPLOYMENT_TARGET = 9.3;
				MTL_ENABLE_DEBUG_INFO = YES;
				ONLY_ACTIVE_ARCH = YES;
				SDKROOT = iphoneos;
				TARGETED_DEVICE_FAMILY = "1,2";
			};
			name = Debug;
		};
		1B1E3BEC1EFA607F00DCC195 /* Release */ = {
			isa = XCBuildConfiguration;
			buildSettings = {
				ALWAYS_SEARCH_USER_PATHS = NO;
				CLANG_ANALYZER_NONNULL = YES;
				CLANG_CXX_LANGUAGE_STANDARD = "gnu++0x";
				CLANG_CXX_LIBRARY = "libc++";
				CLANG_ENABLE_MODULES = YES;
				CLANG_ENABLE_OBJC_ARC = YES;
				CLANG_WARN_BOOL_CONVERSION = YES;
				CLANG_WARN_CONSTANT_CONVERSION = YES;
				CLANG_WARN_DIRECT_OBJC_ISA_USAGE = YES_ERROR;
				CLANG_WARN_EMPTY_BODY = YES;
				CLANG_WARN_ENUM_CONVERSION = YES;
				CLANG_WARN_INT_CONVERSION = YES;
				CLANG_WARN_OBJC_ROOT_CLASS = YES_ERROR;
				CLANG_WARN_UNREACHABLE_CODE = YES;
				CLANG_WARN__DUPLICATE_METHOD_MATCH = YES;
				"CODE_SIGN_IDENTITY[sdk=iphoneos*]" = "iPhone Developer";
				COPY_PHASE_STRIP = NO;
				DEBUG_INFORMATION_FORMAT = "dwarf-with-dsym";
				ENABLE_NS_ASSERTIONS = NO;
				ENABLE_STRICT_OBJC_MSGSEND = YES;
				GCC_C_LANGUAGE_STANDARD = gnu99;
				GCC_NO_COMMON_BLOCKS = YES;
				GCC_WARN_64_TO_32_BIT_CONVERSION = YES;
				GCC_WARN_ABOUT_RETURN_TYPE = YES_ERROR;
				GCC_WARN_UNDECLARED_SELECTOR = YES;
				GCC_WARN_UNINITIALIZED_AUTOS = YES_AGGRESSIVE;
				GCC_WARN_UNUSED_FUNCTION = YES;
				GCC_WARN_UNUSED_VARIABLE = YES;
				IPHONEOS_DEPLOYMENT_TARGET = 9.3;
				MTL_ENABLE_DEBUG_INFO = NO;
				SDKROOT = iphoneos;
				TARGETED_DEVICE_FAMILY = "1,2";
				VALIDATE_PRODUCT = YES;
			};
			name = Release;
		};
		1B1E3BEE1EFA607F00DCC195 /* Debug */ = {
			isa = XCBuildConfiguration;
			buildSettings = {
				ASSETCATALOG_COMPILER_APPICON_NAME = AppIcon;
				INFOPLIST_FILE = paypall/Info.plist;
				LD_RUNPATH_SEARCH_PATHS = "$(inherited) @executable_path/Frameworks";
				PRODUCT_BUNDLE_IDENTIFIER = bliss.paypall;
				PRODUCT_NAME = "$(TARGET_NAME)";
			};
			name = Debug;
		};
		1B1E3BEF1EFA607F00DCC195 /* Release */ = {
			isa = XCBuildConfiguration;
			buildSettings = {
				ASSETCATALOG_COMPILER_APPICON_NAME = AppIcon;
				INFOPLIST_FILE = paypall/Info.plist;
				LD_RUNPATH_SEARCH_PATHS = "$(inherited) @executable_path/Frameworks";
				PRODUCT_BUNDLE_IDENTIFIER = bliss.paypall;
				PRODUCT_NAME = "$(TARGET_NAME)";
			};
			name = Release;
		};
		1B1E3BF11EFA607F00DCC195 /* Debug */ = {
			isa = XCBuildConfiguration;
			buildSettings = {
				BUNDLE_LOADER = "$(TEST_HOST)";
				INFOPLIST_FILE = paypallTests/Info.plist;
				LD_RUNPATH_SEARCH_PATHS = "$(inherited) @executable_path/Frameworks @loader_path/Frameworks";
				PRODUCT_BUNDLE_IDENTIFIER = bliss.paypallTests;
				PRODUCT_NAME = "$(TARGET_NAME)";
				TEST_HOST = "$(BUILT_PRODUCTS_DIR)/paypall.app/paypall";
			};
			name = Debug;
		};
		1B1E3BF21EFA607F00DCC195 /* Release */ = {
			isa = XCBuildConfiguration;
			buildSettings = {
				BUNDLE_LOADER = "$(TEST_HOST)";
				INFOPLIST_FILE = paypallTests/Info.plist;
				LD_RUNPATH_SEARCH_PATHS = "$(inherited) @executable_path/Frameworks @loader_path/Frameworks";
				PRODUCT_BUNDLE_IDENTIFIER = bliss.paypallTests;
				PRODUCT_NAME = "$(TARGET_NAME)";
				TEST_HOST = "$(BUILT_PRODUCTS_DIR)/paypall.app/paypall";
			};
			name = Release;
		};
		1B1E3BF41EFA607F00DCC195 /* Debug */ = {
			isa = XCBuildConfiguration;
			buildSettings = {
				INFOPLIST_FILE = paypallUITests/Info.plist;
				LD_RUNPATH_SEARCH_PATHS = "$(inherited) @executable_path/Frameworks @loader_path/Frameworks";
				PRODUCT_BUNDLE_IDENTIFIER = bliss.paypallUITests;
				PRODUCT_NAME = "$(TARGET_NAME)";
				TEST_TARGET_NAME = paypall;
			};
			name = Debug;
		};
		1B1E3BF51EFA607F00DCC195 /* Release */ = {
			isa = XCBuildConfiguration;
			buildSettings = {
				INFOPLIST_FILE = paypallUITests/Info.plist;
				LD_RUNPATH_SEARCH_PATHS = "$(inherited) @executable_path/Frameworks @loader_path/Frameworks";
				PRODUCT_BUNDLE_IDENTIFIER = bliss.paypallUITests;
				PRODUCT_NAME = "$(TARGET_NAME)";
				TEST_TARGET_NAME = paypall;
			};
			name = Release;
		};
/* End XCBuildConfiguration section */

/* Begin XCConfigurationList section */
		1B1E3BBB1EFA607E00DCC195 /* Build configuration list for PBXProject "paypall" */ = {
			isa = XCConfigurationList;
			buildConfigurations = (
				1B1E3BEB1EFA607F00DCC195 /* Debug */,
				1B1E3BEC1EFA607F00DCC195 /* Release */,
			);
			defaultConfigurationIsVisible = 0;
			defaultConfigurationName = Release;
		};
		1B1E3BED1EFA607F00DCC195 /* Build configuration list for PBXNativeTarget "paypall" */ = {
			isa = XCConfigurationList;
			buildConfigurations = (
				1B1E3BEE1EFA607F00DCC195 /* Debug */,
				1B1E3BEF1EFA607F00DCC195 /* Release */,
			);
			defaultConfigurationIsVisible = 0;
		};
		1B1E3BF01EFA607F00DCC195 /* Build configuration list for PBXNativeTarget "paypallTests" */ = {
			isa = XCConfigurationList;
			buildConfigurations = (
				1B1E3BF11EFA607F00DCC195 /* Debug */,
				1B1E3BF21EFA607F00DCC195 /* Release */,
			);
			defaultConfigurationIsVisible = 0;
		};
		1B1E3BF31EFA607F00DCC195 /* Build configuration list for PBXNativeTarget "paypallUITests" */ = {
			isa = XCConfigurationList;
			buildConfigurations = (
				1B1E3BF41EFA607F00DCC195 /* Debug */,
				1B1E3BF51EFA607F00DCC195 /* Release */,
			);
			defaultConfigurationIsVisible = 0;
		};
/* End XCConfigurationList section */
	};
	rootObject = 1B1E3BB81EFA607E00DCC195 /* Project object */;
}
